<?xml version="1.0" encoding="utf-8"?>
<Project ToolsVersion="4.0" xmlns="http://schemas.microsoft.com/developer/msbuild/2003">
  <ItemGroup>
    <ClCompile Include="About.cpp" />
    <ClCompile Include="FileList.cpp" />
    <ClCompile Include="Hyperlink.cpp" />
    <ClCompile Include="MainDlg.cpp" />
    <ClCompile Include="PasswordDlg.cpp" />
    <ClCompile Include="ProgressDlg.cpp" />
    <ClCompile Include="stdafx.cpp" />
    <ClCompile Include="LSCrypt.cpp" />
    <ClCompile Include="LSCryptShellExt.cpp" />
    <ClCompile Include="LSCrypt_i.c" />
    <ClCompile Include="..\deps\scrypt\rijndael-alg-fst.c">
      <Filter>scrypt</Filter>
    </ClCompile>
    <ClCompile Include="..\deps\scrypt\aes.cpp">
      <Filter>scrypt</Filter>
    </ClCompile>
    <ClCompile Include="..\deps\scrypt\LSFile.cpp">
      <Filter>scrypt</Filter>
    </ClCompile>
    <ClCompile Include="..\deps\scrypt\LSFileCrypt.cpp">
      <Filter>scrypt</Filter>
    </ClCompile>
  </ItemGroup>
  <ItemGroup>
    <ClInclude Include="About.h" />
    <ClInclude Include="FileList.h" />
    <ClInclude Include="Hyperlink.h" />
    <ClInclude Include="MainDlg.h" />
    <ClInclude Include="PasswordDlg.h" />
    <ClInclude Include="ProgressDlg.h" />
    <ClInclude Include="Resource.h" />
    <ClInclude Include="stdafx.h" />
    <ClInclude Include="LSCryptShellExt.h" />
    <ClInclude Include="LSCrypt.h" />
    <ClInclude Include="..\deps\scrypt\LSFileCrypt.h">
      <Filter>scrypt</Filter>
    </ClInclude>
    <ClInclude Include="..\deps\scrypt\rijndael-alg-fst.h">
      <Filter>scrypt</Filter>
    </ClInclude>
    <ClInclude Include="..\deps\scrypt\aes.h">
      <Filter>scrypt</Filter>
    </ClInclude>
    <ClInclude Include="..\deps\scrypt\LSFile.h">
      <Filter>scrypt</Filter>
    </ClInclude>
  </ItemGroup>
  <ItemGroup>
    <ResourceCompile Include="LSCrypt.rc" />
  </ItemGroup>
  <ItemGroup>
    <Image Include="logo.bmp" />
    <Image Include="shellext.bmp" />
    <Image Include="LSCrypt.ico" />
    <Image Include="res\close.bmp" />
    <Image Include="res\open.bmp" />
    <Image Include="res\LSCrypt.ico" />
    <Image Include="res\lslogo.bmp" />
  </ItemGroup>
  <ItemGroup>
    <Midl Include="LSCrypt.idl" />
  </ItemGroup>
  <ItemGroup>
    <None Include="LSCrypt.def" />
    <None Include="hand.cur" />
    <None Include="LSCrypt.rgs" />
    <None Include="LSCryptShellExt.rgs" />
  </ItemGroup>
  <ItemGroup>
    <Text Include="ReadMe.txt" />
  </ItemGroup>
  <ItemGroup>
    <Filter Include="scrypt">
      <UniqueIdentifier>{2e0539bd-2ab8-467b-a2d6-ebe81a309e6d}</UniqueIdentifier>
    </Filter>
  </ItemGroup>
</Project>